
Microsoft Visual Studio Solution File, Format Version 12.00
# Visual Studio Version 17
VisualStudioVersion = 17.4.33213.308
MinimumVisualStudioVersion = 10.0.40219.1
Project("{9A19103F-16F7-4668-BE54-9A1E7A4F7556}") = "ThriftshopWeb", "ThriftshopWeb\ThriftshopWeb.csproj", "{3077F268-45AD-4F94-9BB2-A0E4CD2C5709}"
EndProject
Project("{FAE04EC0-301F-11D3-BF4B-00C04F79EFBC}") = "Thriftshop.DataAccess", "Thriftshop.DataAccess\Thriftshop.DataAccess.csproj", "{A5BD47FF-96CA-443A-A879-D571FB48452C}"
EndProject
Project("{FAE04EC0-301F-11D3-BF4B-00C04F79EFBC}") = "Thriftshop.Models", "Thriftshop.Models\Thriftshop.Models.csproj", "{91BB20FF-29AB-40D4-8FF6-6731F877775D}"
EndProject
Project("{FAE04EC0-301F-11D3-BF4B-00C04F79EFBC}") = "Thriftshop.Utility", "Thriftshop.Utility\Thriftshop.Utility.csproj", "{5C52DBF1-5886-4691-B4A0-A01AFBF48680}"
EndProject
Global
	GlobalSection(SolutionConfigurationPlatforms) = preSolution
		Debug|Any CPU = Debug|Any CPU
		Release|Any CPU = Release|Any CPU
	EndGlobalSection
	GlobalSection(ProjectConfigurationPlatforms) = postSolution
		{3077F268-45AD-4F94-9BB2-A0E4CD2C5709}.Debug|Any CPU.ActiveCfg = Debug|Any CPU
		{3077F268-45AD-4F94-9BB2-A0E4CD2C5709}.Debug|Any CPU.Build.0 = Debug|Any CPU
		{3077F268-45AD-4F94-9BB2-A0E4CD2C5709}.Release|Any CPU.ActiveCfg = Release|Any CPU
		{3077F268-45AD-4F94-9BB2-A0E4CD2C5709}.Release|Any CPU.Build.0 = Release|Any CPU
		{A5BD47FF-96CA-443A-A879-D571FB48452C}.Debug|Any CPU.ActiveCfg = Debug|Any CPU
		{A5BD47FF-96CA-443A-A879-D571FB48452C}.Debug|Any CPU.Build.0 = Debug|Any CPU
		{A5BD47FF-96CA-443A-A879-D571FB48452C}.Release|Any CPU.ActiveCfg = Release|Any CPU
		{A5BD47FF-96CA-443A-A879-D571FB48452C}.Release|Any CPU.Build.0 = Release|Any CPU
		{91BB20FF-29AB-40D4-8FF6-6731F877775D}.Debug|Any CPU.ActiveCfg = Debug|Any CPU
		{91BB20FF-29AB-40D4-8FF6-6731F877775D}.Debug|Any CPU.Build.0 = Debug|Any CPU
		{91BB20FF-29AB-40D4-8FF6-6731F877775D}.Release|Any CPU.ActiveCfg = Release|Any CPU
		{91BB20FF-29AB-40D4-8FF6-6731F877775D}.Release|Any CPU.Build.0 = Release|Any CPU
		{5C52DBF1-5886-4691-B4A0-A01AFBF48680}.Debug|Any CPU.ActiveCfg = Debug|Any CPU
		{5C52DBF1-5886-4691-B4A0-A01AFBF48680}.Debug|Any CPU.Build.0 = Debug|Any CPU
		{5C52DBF1-5886-4691-B4A0-A01AFBF48680}.Release|Any CPU.ActiveCfg = Release|Any CPU
		{5C52DBF1-5886-4691-B4A0-A01AFBF48680}.Release|Any CPU.Build.0 = Release|Any CPU
	EndGlobalSection
	GlobalSection(SolutionProperties) = preSolution
		HideSolutionNode = FALSE
	EndGlobalSection
	GlobalSection(ExtensibilityGlobals) = postSolution
		SolutionGuid = {AA42F028-E75B-4302-95BA-321948D338F5}
	EndGlobalSection
EndGlobal
